// !$*UTF8*$!
{
	archiveVersion = 1;
	classes = {
	};
	objectVersion = 46;
	objects = {

/* Begin PBXBuildFile section */
		20E83E501BC30AA9008816EA /* AppDelegate.swift in Sources */ = {isa = PBXBuildFile; fileRef = 20E83E4F1BC30AA9008816EA /* AppDelegate.swift */; };
		20E83E571BC30AA9008816EA /* Main.storyboard in Resources */ = {isa = PBXBuildFile; fileRef = 20E83E551BC30AA9008816EA /* Main.storyboard */; };
		20E83E591BC30AA9008816EA /* Assets.xcassets in Resources */ = {isa = PBXBuildFile; fileRef = 20E83E581BC30AA9008816EA /* Assets.xcassets */; };
		20E83E5C1BC30AA9008816EA /* LaunchScreen.storyboard in Resources */ = {isa = PBXBuildFile; fileRef = 20E83E5A1BC30AA9008816EA /* LaunchScreen.storyboard */; };
		20E83E671BC30AA9008816EA /* Blinky_ClientTests.swift in Sources */ = {isa = PBXBuildFile; fileRef = 20E83E661BC30AA9008816EA /* Blinky_ClientTests.swift */; };
		20E83E721BC30AA9008816EA /* Blinky_ClientUITests.swift in Sources */ = {isa = PBXBuildFile; fileRef = 20E83E711BC30AA9008816EA /* Blinky_ClientUITests.swift */; };
		20E83EAC1BC326AF008816EA /* HTMLComment.m in Sources */ = {isa = PBXBuildFile; fileRef = 20E83E861BC326AF008816EA /* HTMLComment.m */; settings = {ASSET_TAGS = (); }; };
		20E83EAD1BC326AF008816EA /* HTMLDocument.m in Sources */ = {isa = PBXBuildFile; fileRef = 20E83E881BC326AF008816EA /* HTMLDocument.m */; settings = {ASSET_TAGS = (); }; };
		20E83EAE1BC326AF008816EA /* HTMLDocumentType.m in Sources */ = {isa = PBXBuildFile; fileRef = 20E83E8A1BC326AF008816EA /* HTMLDocumentType.m */; settings = {ASSET_TAGS = (); }; };
		20E83EAF1BC326AF008816EA /* HTMLElement.m in Sources */ = {isa = PBXBuildFile; fileRef = 20E83E8C1BC326AF008816EA /* HTMLElement.m */; settings = {ASSET_TAGS = (); }; };
		20E83EB01BC326AF008816EA /* HTMLEncoding.m in Sources */ = {isa = PBXBuildFile; fileRef = 20E83E8E1BC326AF008816EA /* HTMLEncoding.m */; settings = {ASSET_TAGS = (); }; };
		20E83EB11BC326AF008816EA /* HTMLEntities.m in Sources */ = {isa = PBXBuildFile; fileRef = 20E83E901BC326AF008816EA /* HTMLEntities.m */; settings = {ASSET_TAGS = (); }; };
		20E83EB21BC326AF008816EA /* HTMLNode.m in Sources */ = {isa = PBXBuildFile; fileRef = 20E83E931BC326AF008816EA /* HTMLNode.m */; settings = {ASSET_TAGS = (); }; };
		20E83EB31BC326AF008816EA /* HTMLOrderedDictionary.m in Sources */ = {isa = PBXBuildFile; fileRef = 20E83E951BC326AF008816EA /* HTMLOrderedDictionary.m */; settings = {ASSET_TAGS = (); }; };
		20E83EB41BC326AF008816EA /* HTMLParser.m in Sources */ = {isa = PBXBuildFile; fileRef = 20E83E971BC326AF008816EA /* HTMLParser.m */; settings = {ASSET_TAGS = (); }; };
		20E83EB51BC326AF008816EA /* HTMLPreprocessedInputStream.m in Sources */ = {isa = PBXBuildFile; fileRef = 20E83E991BC326AF008816EA /* HTMLPreprocessedInputStream.m */; settings = {ASSET_TAGS = (); }; };
		20E83EB61BC326AF008816EA /* HTMLSelector.m in Sources */ = {isa = PBXBuildFile; fileRef = 20E83E9D1BC326AF008816EA /* HTMLSelector.m */; settings = {ASSET_TAGS = (); }; };
		20E83EB71BC326AF008816EA /* HTMLSerialization.m in Sources */ = {isa = PBXBuildFile; fileRef = 20E83E9F1BC326AF008816EA /* HTMLSerialization.m */; settings = {ASSET_TAGS = (); }; };
		20E83EB81BC326AF008816EA /* HTMLString.m in Sources */ = {isa = PBXBuildFile; fileRef = 20E83EA11BC326AF008816EA /* HTMLString.m */; settings = {ASSET_TAGS = (); }; };
		20E83EB91BC326AF008816EA /* HTMLTextNode.m in Sources */ = {isa = PBXBuildFile; fileRef = 20E83EA41BC326AF008816EA /* HTMLTextNode.m */; settings = {ASSET_TAGS = (); }; };
		20E83EBA1BC326AF008816EA /* HTMLTokenizer.m in Sources */ = {isa = PBXBuildFile; fileRef = 20E83EA61BC326AF008816EA /* HTMLTokenizer.m */; settings = {ASSET_TAGS = (); }; };
		20E83EBB1BC326AF008816EA /* HTMLTreeEnumerator.m in Sources */ = {isa = PBXBuildFile; fileRef = 20E83EA91BC326AF008816EA /* HTMLTreeEnumerator.m */; settings = {ASSET_TAGS = (); }; };
		20E83EBC1BC326AF008816EA /* NSString+HTMLEntities.m in Sources */ = {isa = PBXBuildFile; fileRef = 20E83EAB1BC326AF008816EA /* NSString+HTMLEntities.m */; settings = {ASSET_TAGS = (); }; };
		20E83EBE1BC32A58008816EA /* CommandsCollectionViewController.swift in Sources */ = {isa = PBXBuildFile; fileRef = 20E83EBD1BC32A58008816EA /* CommandsCollectionViewController.swift */; settings = {ASSET_TAGS = (); }; };
		20E83EC01BC32BCB008816EA /* HTTPRequestHandler.swift in Sources */ = {isa = PBXBuildFile; fileRef = 20E83EBF1BC32BCB008816EA /* HTTPRequestHandler.swift */; settings = {ASSET_TAGS = (); }; };
		20E83EC41BC36091008816EA /* UIColor+Expanded.m in Sources */ = {isa = PBXBuildFile; fileRef = 20E83EC31BC36091008816EA /* UIColor+Expanded.m */; settings = {ASSET_TAGS = (); }; };
		20E83EC61BC360E2008816EA /* SpeedAndColorViewController.swift in Sources */ = {isa = PBXBuildFile; fileRef = 20E83EC51BC360E2008816EA /* SpeedAndColorViewController.swift */; settings = {ASSET_TAGS = (); }; };
/* End PBXBuildFile section */

/* Begin PBXContainerItemProxy section */
		20E83E631BC30AA9008816EA /* PBXContainerItemProxy */ = {
			isa = PBXContainerItemProxy;
			containerPortal = 20E83E441BC30AA9008816EA /* Project object */;
			proxyType = 1;
			remoteGlobalIDString = 20E83E4B1BC30AA9008816EA;
			remoteInfo = "Blinky Client";
		};
		20E83E6E1BC30AA9008816EA /* PBXContainerItemProxy */ = {
			isa = PBXContainerItemProxy;
			containerPortal = 20E83E441BC30AA9008816EA /* Project object */;
			proxyType = 1;
			remoteGlobalIDString = 20E83E4B1BC30AA9008816EA;
			remoteInfo = "Blinky Client";
		};
/* End PBXContainerItemProxy section */

/* Begin PBXFileReference section */
		20E83E4C1BC30AA9008816EA /* Blinky Client.app */ = {isa = PBXFileReference; explicitFileType = wrapper.application; includeInIndex = 0; path = "Blinky Client.app"; sourceTree = BUILT_PRODUCTS_DIR; };
		20E83E4F1BC30AA9008816EA /* AppDelegate.swift */ = {isa = PBXFileReference; lastKnownFileType = sourcecode.swift; path = AppDelegate.swift; sourceTree = "<group>"; };
		20E83E561BC30AA9008816EA /* Base */ = {isa = PBXFileReference; lastKnownFileType = file.storyboard; name = Base; path = Base.lproj/Main.storyboard; sourceTree = "<group>"; };
		20E83E581BC30AA9008816EA /* Assets.xcassets */ = {isa = PBXFileReference; lastKnownFileType = folder.assetcatalog; path = Assets.xcassets; sourceTree = "<group>"; };
		20E83E5B1BC30AA9008816EA /* Base */ = {isa = PBXFileReference; lastKnownFileType = file.storyboard; name = Base; path = Base.lproj/LaunchScreen.storyboard; sourceTree = "<group>"; };
		20E83E5D1BC30AA9008816EA /* Info.plist */ = {isa = PBXFileReference; lastKnownFileType = text.plist.xml; path = Info.plist; sourceTree = "<group>"; };
		20E83E621BC30AA9008816EA /* Blinky ClientTests.xctest */ = {isa = PBXFileReference; explicitFileType = wrapper.cfbundle; includeInIndex = 0; path = "Blinky ClientTests.xctest"; sourceTree = BUILT_PRODUCTS_DIR; };
		20E83E661BC30AA9008816EA /* Blinky_ClientTests.swift */ = {isa = PBXFileReference; lastKnownFileType = sourcecode.swift; path = Blinky_ClientTests.swift; sourceTree = "<group>"; };
		20E83E681BC30AA9008816EA /* Info.plist */ = {isa = PBXFileReference; lastKnownFileType = text.plist.xml; path = Info.plist; sourceTree = "<group>"; };
		20E83E6D1BC30AA9008816EA /* Blinky ClientUITests.xctest */ = {isa = PBXFileReference; explicitFileType = wrapper.cfbundle; includeInIndex = 0; path = "Blinky ClientUITests.xctest"; sourceTree = BUILT_PRODUCTS_DIR; };
		20E83E711BC30AA9008816EA /* Blinky_ClientUITests.swift */ = {isa = PBXFileReference; lastKnownFileType = sourcecode.swift; path = Blinky_ClientUITests.swift; sourceTree = "<group>"; };
		20E83E731BC30AA9008816EA /* Info.plist */ = {isa = PBXFileReference; lastKnownFileType = text.plist.xml; path = Info.plist; sourceTree = "<group>"; };
		20E83E831BC32580008816EA /* Blinky-Client-Bridging-Header.h */ = {isa = PBXFileReference; fileEncoding = 4; lastKnownFileType = sourcecode.c.h; path = "Blinky-Client-Bridging-Header.h"; sourceTree = "<group>"; };
		20E83E851BC326AF008816EA /* HTMLComment.h */ = {isa = PBXFileReference; fileEncoding = 4; lastKnownFileType = sourcecode.c.h; path = HTMLComment.h; sourceTree = "<group>"; };
		20E83E861BC326AF008816EA /* HTMLComment.m */ = {isa = PBXFileReference; fileEncoding = 4; lastKnownFileType = sourcecode.c.objc; path = HTMLComment.m; sourceTree = "<group>"; };
		20E83E871BC326AF008816EA /* HTMLDocument.h */ = {isa = PBXFileReference; fileEncoding = 4; lastKnownFileType = sourcecode.c.h; path = HTMLDocument.h; sourceTree = "<group>"; };
		20E83E881BC326AF008816EA /* HTMLDocument.m */ = {isa = PBXFileReference; fileEncoding = 4; lastKnownFileType = sourcecode.c.objc; path = HTMLDocument.m; sourceTree = "<group>"; };
		20E83E891BC326AF008816EA /* HTMLDocumentType.h */ = {isa = PBXFileReference; fileEncoding = 4; lastKnownFileType = sourcecode.c.h; path = HTMLDocumentType.h; sourceTree = "<group>"; };
		20E83E8A1BC326AF008816EA /* HTMLDocumentType.m */ = {isa = PBXFileReference; fileEncoding = 4; lastKnownFileType = sourcecode.c.objc; path = HTMLDocumentType.m; sourceTree = "<group>"; };
		20E83E8B1BC326AF008816EA /* HTMLElement.h */ = {isa = PBXFileReference; fileEncoding = 4; lastKnownFileType = sourcecode.c.h; path = HTMLElement.h; sourceTree = "<group>"; };
		20E83E8C1BC326AF008816EA /* HTMLElement.m */ = {isa = PBXFileReference; fileEncoding = 4; lastKnownFileType = sourcecode.c.objc; path = HTMLElement.m; sourceTree = "<group>"; };
		20E83E8D1BC326AF008816EA /* HTMLEncoding.h */ = {isa = PBXFileReference; fileEncoding = 4; lastKnownFileType = sourcecode.c.h; path = HTMLEncoding.h; sourceTree = "<group>"; };
		20E83E8E1BC326AF008816EA /* HTMLEncoding.m */ = {isa = PBXFileReference; fileEncoding = 4; lastKnownFileType = sourcecode.c.objc; path = HTMLEncoding.m; sourceTree = "<group>"; };
		20E83E8F1BC326AF008816EA /* HTMLEntities.h */ = {isa = PBXFileReference; fileEncoding = 4; lastKnownFileType = sourcecode.c.h; path = HTMLEntities.h; sourceTree = "<group>"; };
		20E83E901BC326AF008816EA /* HTMLEntities.m */ = {isa = PBXFileReference; fileEncoding = 4; lastKnownFileType = sourcecode.c.objc; path = HTMLEntities.m; sourceTree = "<group>"; };
		20E83E911BC326AF008816EA /* HTMLNamespace.h */ = {isa = PBXFileReference; fileEncoding = 4; lastKnownFileType = sourcecode.c.h; path = HTMLNamespace.h; sourceTree = "<group>"; };
		20E83E921BC326AF008816EA /* HTMLNode.h */ = {isa = PBXFileReference; fileEncoding = 4; lastKnownFileType = sourcecode.c.h; path = HTMLNode.h; sourceTree = "<group>"; };
		20E83E931BC326AF008816EA /* HTMLNode.m */ = {isa = PBXFileReference; fileEncoding = 4; lastKnownFileType = sourcecode.c.objc; path = HTMLNode.m; sourceTree = "<group>"; };
		20E83E941BC326AF008816EA /* HTMLOrderedDictionary.h */ = {isa = PBXFileReference; fileEncoding = 4; lastKnownFileType = sourcecode.c.h; path = HTMLOrderedDictionary.h; sourceTree = "<group>"; };
		20E83E951BC326AF008816EA /* HTMLOrderedDictionary.m */ = {isa = PBXFileReference; fileEncoding = 4; lastKnownFileType = sourcecode.c.objc; path = HTMLOrderedDictionary.m; sourceTree = "<group>"; };
		20E83E961BC326AF008816EA /* HTMLParser.h */ = {isa = PBXFileReference; fileEncoding = 4; lastKnownFileType = sourcecode.c.h; path = HTMLParser.h; sourceTree = "<group>"; };
		20E83E971BC326AF008816EA /* HTMLParser.m */ = {isa = PBXFileReference; fileEncoding = 4; lastKnownFileType = sourcecode.c.objc; path = HTMLParser.m; sourceTree = "<group>"; };
		20E83E981BC326AF008816EA /* HTMLPreprocessedInputStream.h */ = {isa = PBXFileReference; fileEncoding = 4; lastKnownFileType = sourcecode.c.h; path = HTMLPreprocessedInputStream.h; sourceTree = "<group>"; };
		20E83E991BC326AF008816EA /* HTMLPreprocessedInputStream.m */ = {isa = PBXFileReference; fileEncoding = 4; lastKnownFileType = sourcecode.c.objc; path = HTMLPreprocessedInputStream.m; sourceTree = "<group>"; };
		20E83E9A1BC326AF008816EA /* HTMLQuirksMode.h */ = {isa = PBXFileReference; fileEncoding = 4; lastKnownFileType = sourcecode.c.h; path = HTMLQuirksMode.h; sourceTree = "<group>"; };
		20E83E9B1BC326AF008816EA /* HTMLReader.h */ = {isa = PBXFileReference; fileEncoding = 4; lastKnownFileType = sourcecode.c.h; path = HTMLReader.h; sourceTree = "<group>"; };
		20E83E9C1BC326AF008816EA /* HTMLSelector.h */ = {isa = PBXFileReference; fileEncoding = 4; lastKnownFileType = sourcecode.c.h; path = HTMLSelector.h; sourceTree = "<group>"; };
		20E83E9D1BC326AF008816EA /* HTMLSelector.m */ = {isa = PBXFileReference; fileEncoding = 4; lastKnownFileType = sourcecode.c.objc; path = HTMLSelector.m; sourceTree = "<group>"; };
		20E83E9E1BC326AF008816EA /* HTMLSerialization.h */ = {isa = PBXFileReference; fileEncoding = 4; lastKnownFileType = sourcecode.c.h; path = HTMLSerialization.h; sourceTree = "<group>"; };
		20E83E9F1BC326AF008816EA /* HTMLSerialization.m */ = {isa = PBXFileReference; fileEncoding = 4; lastKnownFileType = sourcecode.c.objc; path = HTMLSerialization.m; sourceTree = "<group>"; };
		20E83EA01BC326AF008816EA /* HTMLString.h */ = {isa = PBXFileReference; fileEncoding = 4; lastKnownFileType = sourcecode.c.h; path = HTMLString.h; sourceTree = "<group>"; };
		20E83EA11BC326AF008816EA /* HTMLString.m */ = {isa = PBXFileReference; fileEncoding = 4; lastKnownFileType = sourcecode.c.objc; path = HTMLString.m; sourceTree = "<group>"; };
		20E83EA21BC326AF008816EA /* HTMLSupport.h */ = {isa = PBXFileReference; fileEncoding = 4; lastKnownFileType = sourcecode.c.h; path = HTMLSupport.h; sourceTree = "<group>"; };
		20E83EA31BC326AF008816EA /* HTMLTextNode.h */ = {isa = PBXFileReference; fileEncoding = 4; lastKnownFileType = sourcecode.c.h; path = HTMLTextNode.h; sourceTree = "<group>"; };
		20E83EA41BC326AF008816EA /* HTMLTextNode.m */ = {isa = PBXFileReference; fileEncoding = 4; lastKnownFileType = sourcecode.c.objc; path = HTMLTextNode.m; sourceTree = "<group>"; };
		20E83EA51BC326AF008816EA /* HTMLTokenizer.h */ = {isa = PBXFileReference; fileEncoding = 4; lastKnownFileType = sourcecode.c.h; path = HTMLTokenizer.h; sourceTree = "<group>"; };
		20E83EA61BC326AF008816EA /* HTMLTokenizer.m */ = {isa = PBXFileReference; fileEncoding = 4; lastKnownFileType = sourcecode.c.objc; path = HTMLTokenizer.m; sourceTree = "<group>"; };
		20E83EA71BC326AF008816EA /* HTMLTokenizerState.h */ = {isa = PBXFileReference; fileEncoding = 4; lastKnownFileType = sourcecode.c.h; path = HTMLTokenizerState.h; sourceTree = "<group>"; };
		20E83EA81BC326AF008816EA /* HTMLTreeEnumerator.h */ = {isa = PBXFileReference; fileEncoding = 4; lastKnownFileType = sourcecode.c.h; path = HTMLTreeEnumerator.h; sourceTree = "<group>"; };
		20E83EA91BC326AF008816EA /* HTMLTreeEnumerator.m */ = {isa = PBXFileReference; fileEncoding = 4; lastKnownFileType = sourcecode.c.objc; path = HTMLTreeEnumerator.m; sourceTree = "<group>"; };
		20E83EAA1BC326AF008816EA /* NSString+HTMLEntities.h */ = {isa = PBXFileReference; fileEncoding = 4; lastKnownFileType = sourcecode.c.h; path = "NSString+HTMLEntities.h"; sourceTree = "<group>"; };
		20E83EAB1BC326AF008816EA /* NSString+HTMLEntities.m */ = {isa = PBXFileReference; fileEncoding = 4; lastKnownFileType = sourcecode.c.objc; path = "NSString+HTMLEntities.m"; sourceTree = "<group>"; };
		20E83EBD1BC32A58008816EA /* CommandsCollectionViewController.swift */ = {isa = PBXFileReference; fileEncoding = 4; lastKnownFileType = sourcecode.swift; path = CommandsCollectionViewController.swift; sourceTree = "<group>"; };
		20E83EBF1BC32BCB008816EA /* HTTPRequestHandler.swift */ = {isa = PBXFileReference; fileEncoding = 4; lastKnownFileType = sourcecode.swift; name = HTTPRequestHandler.swift; path = "Blinky Client/HTTPRequestHandler.swift"; sourceTree = SOURCE_ROOT; };
		20E83EC21BC36091008816EA /* UIColor+Expanded.h */ = {isa = PBXFileReference; fileEncoding = 4; lastKnownFileType = sourcecode.c.h; path = "UIColor+Expanded.h"; sourceTree = "<group>"; };
		20E83EC31BC36091008816EA /* UIColor+Expanded.m */ = {isa = PBXFileReference; fileEncoding = 4; lastKnownFileType = sourcecode.c.objc; path = "UIColor+Expanded.m"; sourceTree = "<group>"; };
		20E83EC51BC360E2008816EA /* SpeedAndColorViewController.swift */ = {isa = PBXFileReference; fileEncoding = 4; lastKnownFileType = sourcecode.swift; path = SpeedAndColorViewController.swift; sourceTree = "<group>"; };
/* End PBXFileReference section */

/* Begin PBXFrameworksBuildPhase section */
		20E83E491BC30AA9008816EA /* Frameworks */ = {
			isa = PBXFrameworksBuildPhase;
			buildActionMask = 2147483647;
			files = (
			);
			runOnlyForDeploymentPostprocessing = 0;
		};
		20E83E5F1BC30AA9008816EA /* Frameworks */ = {
			isa = PBXFrameworksBuildPhase;
			buildActionMask = 2147483647;
			files = (
			);
			runOnlyForDeploymentPostprocessing = 0;
		};
		20E83E6A1BC30AA9008816EA /* Frameworks */ = {
			isa = PBXFrameworksBuildPhase;
			buildActionMask = 2147483647;
			files = (
			);
			runOnlyForDeploymentPostprocessing = 0;
		};
/* End PBXFrameworksBuildPhase section */

/* Begin PBXGroup section */
		20E83E431BC30AA9008816EA = {
			isa = PBXGroup;
			children = (
				20E83E4E1BC30AA9008816EA /* Blinky Client */,
				20E83E651BC30AA9008816EA /* Blinky ClientTests */,
				20E83E701BC30AA9008816EA /* Blinky ClientUITests */,
				20E83E4D1BC30AA9008816EA /* Products */,
			);
			sourceTree = "<group>";
		};
		20E83E4D1BC30AA9008816EA /* Products */ = {
			isa = PBXGroup;
			children = (
				20E83E4C1BC30AA9008816EA /* Blinky Client.app */,
				20E83E621BC30AA9008816EA /* Blinky ClientTests.xctest */,
				20E83E6D1BC30AA9008816EA /* Blinky ClientUITests.xctest */,
			);
			name = Products;
			sourceTree = "<group>";
		};
		20E83E4E1BC30AA9008816EA /* Blinky Client */ = {
			isa = PBXGroup;
			children = (
				20E83EC11BC36091008816EA /* Color */,
				20E83E841BC326AF008816EA /* HTMLReader */,
				20E83E4F1BC30AA9008816EA /* AppDelegate.swift */,
				20E83EBF1BC32BCB008816EA /* HTTPRequestHandler.swift */,
				20E83EBD1BC32A58008816EA /* CommandsCollectionViewController.swift */,
				20E83EC51BC360E2008816EA /* SpeedAndColorViewController.swift */,
				20E83E551BC30AA9008816EA /* Main.storyboard */,
				20E83E581BC30AA9008816EA /* Assets.xcassets */,
				20E83E5A1BC30AA9008816EA /* LaunchScreen.storyboard */,
				20E83E5D1BC30AA9008816EA /* Info.plist */,
				20E83E831BC32580008816EA /* Blinky-Client-Bridging-Header.h */,
			);
			path = "Blinky Client";
			sourceTree = "<group>";
		};
		20E83E651BC30AA9008816EA /* Blinky ClientTests */ = {
			isa = PBXGroup;
			children = (
				20E83E661BC30AA9008816EA /* Blinky_ClientTests.swift */,
				20E83E681BC30AA9008816EA /* Info.plist */,
			);
			path = "Blinky ClientTests";
			sourceTree = "<group>";
		};
		20E83E701BC30AA9008816EA /* Blinky ClientUITests */ = {
			isa = PBXGroup;
			children = (
				20E83E711BC30AA9008816EA /* Blinky_ClientUITests.swift */,
				20E83E731BC30AA9008816EA /* Info.plist */,
			);
			path = "Blinky ClientUITests";
			sourceTree = "<group>";
		};
		20E83E841BC326AF008816EA /* HTMLReader */ = {
			isa = PBXGroup;
			children = (
				20E83E851BC326AF008816EA /* HTMLComment.h */,
				20E83E861BC326AF008816EA /* HTMLComment.m */,
				20E83E871BC326AF008816EA /* HTMLDocument.h */,
				20E83E881BC326AF008816EA /* HTMLDocument.m */,
				20E83E891BC326AF008816EA /* HTMLDocumentType.h */,
				20E83E8A1BC326AF008816EA /* HTMLDocumentType.m */,
				20E83E8B1BC326AF008816EA /* HTMLElement.h */,
				20E83E8C1BC326AF008816EA /* HTMLElement.m */,
				20E83E8D1BC326AF008816EA /* HTMLEncoding.h */,
				20E83E8E1BC326AF008816EA /* HTMLEncoding.m */,
				20E83E8F1BC326AF008816EA /* HTMLEntities.h */,
				20E83E901BC326AF008816EA /* HTMLEntities.m */,
				20E83E911BC326AF008816EA /* HTMLNamespace.h */,
				20E83E921BC326AF008816EA /* HTMLNode.h */,
				20E83E931BC326AF008816EA /* HTMLNode.m */,
				20E83E941BC326AF008816EA /* HTMLOrderedDictionary.h */,
				20E83E951BC326AF008816EA /* HTMLOrderedDictionary.m */,
				20E83E961BC326AF008816EA /* HTMLParser.h */,
				20E83E971BC326AF008816EA /* HTMLParser.m */,
				20E83E981BC326AF008816EA /* HTMLPreprocessedInputStream.h */,
				20E83E991BC326AF008816EA /* HTMLPreprocessedInputStream.m */,
				20E83E9A1BC326AF008816EA /* HTMLQuirksMode.h */,
				20E83E9B1BC326AF008816EA /* HTMLReader.h */,
				20E83E9C1BC326AF008816EA /* HTMLSelector.h */,
				20E83E9D1BC326AF008816EA /* HTMLSelector.m */,
				20E83E9E1BC326AF008816EA /* HTMLSerialization.h */,
				20E83E9F1BC326AF008816EA /* HTMLSerialization.m */,
				20E83EA01BC326AF008816EA /* HTMLString.h */,
				20E83EA11BC326AF008816EA /* HTMLString.m */,
				20E83EA21BC326AF008816EA /* HTMLSupport.h */,
				20E83EA31BC326AF008816EA /* HTMLTextNode.h */,
				20E83EA41BC326AF008816EA /* HTMLTextNode.m */,
				20E83EA51BC326AF008816EA /* HTMLTokenizer.h */,
				20E83EA61BC326AF008816EA /* HTMLTokenizer.m */,
				20E83EA71BC326AF008816EA /* HTMLTokenizerState.h */,
				20E83EA81BC326AF008816EA /* HTMLTreeEnumerator.h */,
				20E83EA91BC326AF008816EA /* HTMLTreeEnumerator.m */,
				20E83EAA1BC326AF008816EA /* NSString+HTMLEntities.h */,
				20E83EAB1BC326AF008816EA /* NSString+HTMLEntities.m */,
			);
			path = HTMLReader;
			sourceTree = "<group>";
		};
		20E83EC11BC36091008816EA /* Color */ = {
			isa = PBXGroup;
			children = (
				20E83EC21BC36091008816EA /* UIColor+Expanded.h */,
				20E83EC31BC36091008816EA /* UIColor+Expanded.m */,
			);
			path = Color;
			sourceTree = "<group>";
		};
/* End PBXGroup section */

/* Begin PBXNativeTarget section */
		20E83E4B1BC30AA9008816EA /* Blinky Client */ = {
			isa = PBXNativeTarget;
			buildConfigurationList = 20E83E761BC30AA9008816EA /* Build configuration list for PBXNativeTarget "Blinky Client" */;
			buildPhases = (
				20E83E481BC30AA9008816EA /* Sources */,
				20E83E491BC30AA9008816EA /* Frameworks */,
				20E83E4A1BC30AA9008816EA /* Resources */,
			);
			buildRules = (
			);
			dependencies = (
			);
			name = "Blinky Client";
			productName = "Blinky Client";
			productReference = 20E83E4C1BC30AA9008816EA /* Blinky Client.app */;
			productType = "com.apple.product-type.application";
		};
		20E83E611BC30AA9008816EA /* Blinky ClientTests */ = {
			isa = PBXNativeTarget;
			buildConfigurationList = 20E83E791BC30AA9008816EA /* Build configuration list for PBXNativeTarget "Blinky ClientTests" */;
			buildPhases = (
				20E83E5E1BC30AA9008816EA /* Sources */,
				20E83E5F1BC30AA9008816EA /* Frameworks */,
				20E83E601BC30AA9008816EA /* Resources */,
			);
			buildRules = (
			);
			dependencies = (
				20E83E641BC30AA9008816EA /* PBXTargetDependency */,
			);
			name = "Blinky ClientTests";
			productName = "Blinky ClientTests";
			productReference = 20E83E621BC30AA9008816EA /* Blinky ClientTests.xctest */;
			productType = "com.apple.product-type.bundle.unit-test";
		};
		20E83E6C1BC30AA9008816EA /* Blinky ClientUITests */ = {
			isa = PBXNativeTarget;
			buildConfigurationList = 20E83E7C1BC30AA9008816EA /* Build configuration list for PBXNativeTarget "Blinky ClientUITests" */;
			buildPhases = (
				20E83E691BC30AA9008816EA /* Sources */,
				20E83E6A1BC30AA9008816EA /* Frameworks */,
				20E83E6B1BC30AA9008816EA /* Resources */,
			);
			buildRules = (
			);
			dependencies = (
				20E83E6F1BC30AA9008816EA /* PBXTargetDependency */,
			);
			name = "Blinky ClientUITests";
			productName = "Blinky ClientUITests";
			productReference = 20E83E6D1BC30AA9008816EA /* Blinky ClientUITests.xctest */;
			productType = "com.apple.product-type.bundle.ui-testing";
		};
/* End PBXNativeTarget section */

/* Begin PBXProject section */
		20E83E441BC30AA9008816EA /* Project object */ = {
			isa = PBXProject;
			attributes = {
				LastUpgradeCheck = 0700;
				ORGANIZATIONNAME = "Evan Bernstein";
				TargetAttributes = {
					20E83E4B1BC30AA9008816EA = {
						CreatedOnToolsVersion = 7.0;
					};
					20E83E611BC30AA9008816EA = {
						CreatedOnToolsVersion = 7.0;
						TestTargetID = 20E83E4B1BC30AA9008816EA;
					};
					20E83E6C1BC30AA9008816EA = {
						CreatedOnToolsVersion = 7.0;
						TestTargetID = 20E83E4B1BC30AA9008816EA;
					};
				};
			};
			buildConfigurationList = 20E83E471BC30AA9008816EA /* Build configuration list for PBXProject "Blinky Client" */;
			compatibilityVersion = "Xcode 3.2";
			developmentRegion = English;
			hasScannedForEncodings = 0;
			knownRegions = (
				en,
				Base,
			);
			mainGroup = 20E83E431BC30AA9008816EA;
			productRefGroup = 20E83E4D1BC30AA9008816EA /* Products */;
			projectDirPath = "";
			projectRoot = "";
			targets = (
				20E83E4B1BC30AA9008816EA /* Blinky Client */,
				20E83E611BC30AA9008816EA /* Blinky ClientTests */,
				20E83E6C1BC30AA9008816EA /* Blinky ClientUITests */,
			);
		};
/* End PBXProject section */

/* Begin PBXResourcesBuildPhase section */
		20E83E4A1BC30AA9008816EA /* Resources */ = {
			isa = PBXResourcesBuildPhase;
			buildActionMask = 2147483647;
			files = (
				20E83E5C1BC30AA9008816EA /* LaunchScreen.storyboard in Resources */,
				20E83E591BC30AA9008816EA /* Assets.xcassets in Resources */,
				20E83E571BC30AA9008816EA /* Main.storyboard in Resources */,
			);
			runOnlyForDeploymentPostprocessing = 0;
		};
		20E83E601BC30AA9008816EA /* Resources */ = {
			isa = PBXResourcesBuildPhase;
			buildActionMask = 2147483647;
			files = (
			);
			runOnlyForDeploymentPostprocessing = 0;
		};
		20E83E6B1BC30AA9008816EA /* Resources */ = {
			isa = PBXResourcesBuildPhase;
			buildActionMask = 2147483647;
			files = (
			);
			runOnlyForDeploymentPostprocessing = 0;
		};
/* End PBXResourcesBuildPhase section */

/* Begin PBXSourcesBuildPhase section */
		20E83E481BC30AA9008816EA /* Sources */ = {
			isa = PBXSourcesBuildPhase;
			buildActionMask = 2147483647;
			files = (
				20E83EB91BC326AF008816EA /* HTMLTextNode.m in Sources */,
				20E83EBB1BC326AF008816EA /* HTMLTreeEnumerator.m in Sources */,
				20E83EC61BC360E2008816EA /* SpeedAndColorViewController.swift in Sources */,
				20E83EB21BC326AF008816EA /* HTMLNode.m in Sources */,
				20E83EC41BC36091008816EA /* UIColor+Expanded.m in Sources */,
				20E83EB41BC326AF008816EA /* HTMLParser.m in Sources */,
				20E83EAC1BC326AF008816EA /* HTMLComment.m in Sources */,
				20E83EB81BC326AF008816EA /* HTMLString.m in Sources */,
				20E83EC01BC32BCB008816EA /* HTTPRequestHandler.swift in Sources */,
				20E83EAE1BC326AF008816EA /* HTMLDocumentType.m in Sources */,
				20E83EB31BC326AF008816EA /* HTMLOrderedDictionary.m in Sources */,
				20E83EB11BC326AF008816EA /* HTMLEntities.m in Sources */,
				20E83EB51BC326AF008816EA /* HTMLPreprocessedInputStream.m in Sources */,
				20E83EAF1BC326AF008816EA /* HTMLElement.m in Sources */,
				20E83EBE1BC32A58008816EA /* CommandsCollectionViewController.swift in Sources */,
				20E83EB61BC326AF008816EA /* HTMLSelector.m in Sources */,
				20E83EAD1BC326AF008816EA /* HTMLDocument.m in Sources */,
				20E83EB01BC326AF008816EA /* HTMLEncoding.m in Sources */,
				20E83EBC1BC326AF008816EA /* NSString+HTMLEntities.m in Sources */,
				20E83E501BC30AA9008816EA /* AppDelegate.swift in Sources */,
				20E83EBA1BC326AF008816EA /* HTMLTokenizer.m in Sources */,
				20E83EB71BC326AF008816EA /* HTMLSerialization.m in Sources */,
			);
			runOnlyForDeploymentPostprocessing = 0;
		};
		20E83E5E1BC30AA9008816EA /* Sources */ = {
			isa = PBXSourcesBuildPhase;
			buildActionMask = 2147483647;
			files = (
				20E83E671BC30AA9008816EA /* Blinky_ClientTests.swift in Sources */,
			);
			runOnlyForDeploymentPostprocessing = 0;
		};
		20E83E691BC30AA9008816EA /* Sources */ = {
			isa = PBXSourcesBuildPhase;
			buildActionMask = 2147483647;
			files = (
				20E83E721BC30AA9008816EA /* Blinky_ClientUITests.swift in Sources */,
			);
			runOnlyForDeploymentPostprocessing = 0;
		};
/* End PBXSourcesBuildPhase section */

/* Begin PBXTargetDependency section */
		20E83E641BC30AA9008816EA /* PBXTargetDependency */ = {
			isa = PBXTargetDependency;
			target = 20E83E4B1BC30AA9008816EA /* Blinky Client */;
			targetProxy = 20E83E631BC30AA9008816EA /* PBXContainerItemProxy */;
		};
		20E83E6F1BC30AA9008816EA /* PBXTargetDependency */ = {
			isa = PBXTargetDependency;
			target = 20E83E4B1BC30AA9008816EA /* Blinky Client */;
			targetProxy = 20E83E6E1BC30AA9008816EA /* PBXContainerItemProxy */;
		};
/* End PBXTargetDependency section */

/* Begin PBXVariantGroup section */
		20E83E551BC30AA9008816EA /* Main.storyboard */ = {
			isa = PBXVariantGroup;
			children = (
				20E83E561BC30AA9008816EA /* Base */,
			);
			name = Main.storyboard;
			sourceTree = "<group>";
		};
		20E83E5A1BC30AA9008816EA /* LaunchScreen.storyboard */ = {
			isa = PBXVariantGroup;
			children = (
				20E83E5B1BC30AA9008816EA /* Base */,
			);
			name = LaunchScreen.storyboard;
			sourceTree = "<group>";
		};
/* End PBXVariantGroup section */

/* Begin XCBuildConfiguration section */
		20E83E741BC30AA9008816EA /* Debug */ = {
			isa = XCBuildConfiguration;
			buildSettings = {
				ALWAYS_SEARCH_USER_PATHS = NO;
				CLANG_CXX_LANGUAGE_STANDARD = "gnu++0x";
				CLANG_CXX_LIBRARY = "libc++";
				CLANG_ENABLE_MODULES = YES;
				CLANG_ENABLE_OBJC_ARC = YES;
				CLANG_WARN_BOOL_CONVERSION = YES;
				CLANG_WARN_CONSTANT_CONVERSION = YES;
				CLANG_WARN_DIRECT_OBJC_ISA_USAGE = YES_ERROR;
				CLANG_WARN_EMPTY_BODY = YES;
				CLANG_WARN_ENUM_CONVERSION = YES;
				CLANG_WARN_INT_CONVERSION = YES;
				CLANG_WARN_OBJC_ROOT_CLASS = YES_ERROR;
				CLANG_WARN_UNREACHABLE_CODE = YES;
				CLANG_WARN__DUPLICATE_METHOD_MATCH = YES;
				"CODE_SIGN_IDENTITY[sdk=iphoneos*]" = "iPhone Developer";
				COPY_PHASE_STRIP = NO;
				DEBUG_INFORMATION_FORMAT = dwarf;
				ENABLE_STRICT_OBJC_MSGSEND = YES;
				ENABLE_TESTABILITY = YES;
				GCC_C_LANGUAGE_STANDARD = gnu99;
				GCC_DYNAMIC_NO_PIC = NO;
				GCC_NO_COMMON_BLOCKS = YES;
				GCC_OPTIMIZATION_LEVEL = 0;
				GCC_PREPROCESSOR_DEFINITIONS = (
					"DEBUG=1",
					"$(inherited)",
				);
				GCC_WARN_64_TO_32_BIT_CONVERSION = YES;
				GCC_WARN_ABOUT_RETURN_TYPE = YES_ERROR;
				GCC_WARN_UNDECLARED_SELECTOR = YES;
				GCC_WARN_UNINITIALIZED_AUTOS = YES_AGGRESSIVE;
				GCC_WARN_UNUSED_FUNCTION = YES;
				GCC_WARN_UNUSED_VARIABLE = YES;
				IPHONEOS_DEPLOYMENT_TARGET = 9.0;
				MTL_ENABLE_DEBUG_INFO = YES;
				ONLY_ACTIVE_ARCH = YES;
				SDKROOT = iphoneos;
				SWIFT_OPTIMIZATION_LEVEL = "-Onone";
			};
			name = Debug;
		};
		20E83E751BC30AA9008816EA /* Release */ = {
			isa = XCBuildConfiguration;
			buildSettings = {
				ALWAYS_SEARCH_USER_PATHS = NO;
				CLANG_CXX_LANGUAGE_STANDARD = "gnu++0x";
				CLANG_CXX_LIBRARY = "libc++";
				CLANG_ENABLE_MODULES = YES;
				CLANG_ENABLE_OBJC_ARC = YES;
				CLANG_WARN_BOOL_CONVERSION = YES;
				CLANG_WARN_CONSTANT_CONVERSION = YES;
				CLANG_WARN_DIRECT_OBJC_ISA_USAGE = YES_ERROR;
				CLANG_WARN_EMPTY_BODY = YES;
				CLANG_WARN_ENUM_CONVERSION = YES;
				CLANG_WARN_INT_CONVERSION = YES;
				CLANG_WARN_OBJC_ROOT_CLASS = YES_ERROR;
				CLANG_WARN_UNREACHABLE_CODE = YES;
				CLANG_WARN__DUPLICATE_METHOD_MATCH = YES;
				"CODE_SIGN_IDENTITY[sdk=iphoneos*]" = "iPhone Developer";
				COPY_PHASE_STRIP = NO;
				DEBUG_INFORMATION_FORMAT = "dwarf-with-dsym";
				ENABLE_NS_ASSERTIONS = NO;
				ENABLE_STRICT_OBJC_MSGSEND = YES;
				GCC_C_LANGUAGE_STANDARD = gnu99;
				GCC_NO_COMMON_BLOCKS = YES;
				GCC_WARN_64_TO_32_BIT_CONVERSION = YES;
				GCC_WARN_ABOUT_RETURN_TYPE = YES_ERROR;
				GCC_WARN_UNDECLARED_SELECTOR = YES;
				GCC_WARN_UNINITIALIZED_AUTOS = YES_AGGRESSIVE;
				GCC_WARN_UNUSED_FUNCTION = YES;
				GCC_WARN_UNUSED_VARIABLE = YES;
				IPHONEOS_DEPLOYMENT_TARGET = 9.0;
				MTL_ENABLE_DEBUG_INFO = NO;
				SDKROOT = iphoneos;
				VALIDATE_PRODUCT = YES;
			};
			name = Release;
		};
		20E83E771BC30AA9008816EA /* Debug */ = {
			isa = XCBuildConfiguration;
			buildSettings = {
				ASSETCATALOG_COMPILER_APPICON_NAME = AppIcon;
				INFOPLIST_FILE = "Blinky Client/Info.plist";
				LD_RUNPATH_SEARCH_PATHS = "$(inherited) @executable_path/Frameworks";
				PRODUCT_BUNDLE_IDENTIFIER = "com.evanbernstein.Blinky-Client";
				PRODUCT_NAME = "$(TARGET_NAME)";
				SWIFT_OBJC_BRIDGING_HEADER = "$SRCROOT/Blinky Client/Blinky-Client-Bridging-Header.h";
			};
			name = Debug;
		};
		20E83E781BC30AA9008816EA /* Release */ = {
			isa = XCBuildConfiguration;
			buildSettings = {
				ASSETCATALOG_COMPILER_APPICON_NAME = AppIcon;
				INFOPLIST_FILE = "Blinky Client/Info.plist";
				LD_RUNPATH_SEARCH_PATHS = "$(inherited) @executable_path/Frameworks";
				PRODUCT_BUNDLE_IDENTIFIER = "com.evanbernstein.Blinky-Client";
				PRODUCT_NAME = "$(TARGET_NAME)";
				SWIFT_OBJC_BRIDGING_HEADER = "$SRCROOT/Blinky Client/Blinky-Client-Bridging-Header.h";
			};
			name = Release;
		};
		20E83E7A1BC30AA9008816EA /* Debug */ = {
			isa = XCBuildConfiguration;
			buildSettings = {
				BUNDLE_LOADER = "$(TEST_HOST)";
				INFOPLIST_FILE = "Blinky ClientTests/Info.plist";
				LD_RUNPATH_SEARCH_PATHS = "$(inherited) @executable_path/Frameworks @loader_path/Frameworks";
				PRODUCT_BUNDLE_IDENTIFIER = "com.evanbernstein.Blinky-ClientTests";
				PRODUCT_NAME = "$(TARGET_NAME)";
				TEST_HOST = "$(BUILT_PRODUCTS_DIR)/Blinky Client.app/Blinky Client";
			};
			name = Debug;
		};
		20E83E7B1BC30AA9008816EA /* Release */ = {
			isa = XCBuildConfiguration;
			buildSettings = {
				BUNDLE_LOADER = "$(TEST_HOST)";
				INFOPLIST_FILE = "Blinky ClientTests/Info.plist";
				LD_RUNPATH_SEARCH_PATHS = "$(inherited) @executable_path/Frameworks @loader_path/Frameworks";
				PRODUCT_BUNDLE_IDENTIFIER = "com.evanbernstein.Blinky-ClientTests";
				PRODUCT_NAME = "$(TARGET_NAME)";
				TEST_HOST = "$(BUILT_PRODUCTS_DIR)/Blinky Client.app/Blinky Client";
			};
			name = Release;
		};
		20E83E7D1BC30AA9008816EA /* Debug */ = {
			isa = XCBuildConfiguration;
			buildSettings = {
				INFOPLIST_FILE = "Blinky ClientUITests/Info.plist";
				LD_RUNPATH_SEARCH_PATHS = "$(inherited) @executable_path/Frameworks @loader_path/Frameworks";
				PRODUCT_BUNDLE_IDENTIFIER = "com.evanbernstein.Blinky-ClientUITests";
				PRODUCT_NAME = "$(TARGET_NAME)";
				TEST_TARGET_NAME = "Blinky Client";
				USES_XCTRUNNER = YES;
			};
			name = Debug;
		};
		20E83E7E1BC30AA9008816EA /* Release */ = {
			isa = XCBuildConfiguration;
			buildSettings = {
				INFOPLIST_FILE = "Blinky ClientUITests/Info.plist";
				LD_RUNPATH_SEARCH_PATHS = "$(inherited) @executable_path/Frameworks @loader_path/Frameworks";
				PRODUCT_BUNDLE_IDENTIFIER = "com.evanbernstein.Blinky-ClientUITests";
				PRODUCT_NAME = "$(TARGET_NAME)";
				TEST_TARGET_NAME = "Blinky Client";
				USES_XCTRUNNER = YES;
			};
			name = Release;
		};
/* End XCBuildConfiguration section */

/* Begin XCConfigurationList section */
		20E83E471BC30AA9008816EA /* Build configuration list for PBXProject "Blinky Client" */ = {
			isa = XCConfigurationList;
			buildConfigurations = (
				20E83E741BC30AA9008816EA /* Debug */,
				20E83E751BC30AA9008816EA /* Release */,
			);
			defaultConfigurationIsVisible = 0;
			defaultConfigurationName = Release;
		};
		20E83E761BC30AA9008816EA /* Build configuration list for PBXNativeTarget "Blinky Client" */ = {
			isa = XCConfigurationList;
			buildConfigurations = (
				20E83E771BC30AA9008816EA /* Debug */,
				20E83E781BC30AA9008816EA /* Release */,
			);
			defaultConfigurationIsVisible = 0;
		};
		20E83E791BC30AA9008816EA /* Build configuration list for PBXNativeTarget "Blinky ClientTests" */ = {
			isa = XCConfigurationList;
			buildConfigurations = (
				20E83E7A1BC30AA9008816EA /* Debug */,
				20E83E7B1BC30AA9008816EA /* Release */,
			);
			defaultConfigurationIsVisible = 0;
		};
		20E83E7C1BC30AA9008816EA /* Build configuration list for PBXNativeTarget "Blinky ClientUITests" */ = {
			isa = XCConfigurationList;
			buildConfigurations = (
				20E83E7D1BC30AA9008816EA /* Debug */,
				20E83E7E1BC30AA9008816EA /* Release */,
			);
			defaultConfigurationIsVisible = 0;
		};
/* End XCConfigurationList section */
	};
	rootObject = 20E83E441BC30AA9008816EA /* Project object */;
}
